{
  "version": "v1",
  "packages": {
    "@vocollege/theme": {
      "signature": "20c274ee7f7e0572666cff3acb8429e7",
      "file": true,
      "replaced": "^0.0.20"
    },
    "@vocollege/app": {
      "signature": "451ab7807b22b6529482ff08a1f8aa05",
      "file": true,
      "replaced": "^0.0.57"
    }
  }
}