{
  "version": "v1",
  "packages": {
    "@vocollege/theme": {
      "signature": "4066f2279f1cf6aa14c2dc4d29140dfe",
      "file": true,
      "replaced": "^0.0.20"
    },
    "@vocollege/app": {
      "signature": "73fa17eb3908a56957d3486ef04e9daf",
      "file": true,
      "replaced": "^0.0.57"
    }
  }
}