{
  "name": "@vocollege/app",
  "version": "0.0.57",
  "lockfileVersion": 2,
  "requires": true,
  "packages": {
    "": {
      "name": "@vocollege/app",
      "version": "0.0.57",
      "license": "ISC",
      "devDependencies": {
        "@apollo/client": "^3.3.7",
        "@casl/ability": "^5.2.2",
        "@casl/react": "^2.2.2",
        "@types/apollo-upload-client": "^14.1.0",
        "@types/crypto-js": "^4.0.1",
        "@types/js-cookie": "^2.2.6",
        "@types/node": "^14.14.21",
        "@types/react": "^17.0.0",
        "apollo-upload-client": "^14.1.3",
        "axios": "^0.21.1",
        "crypto-js": "^4.0.0",
        "graphql": "^14.0.0 || ^15.0.0",
        "react": "^17.0.0",
        "react-toastify": "^7.0.3",
        "typescript": "^4.1.3"
      },
      "peerDependencies": {
        "@apollo/client": "^3.3.7",
        "@casl/ability": "^5.2.2",
        "@casl/react": "^2.2.2",
        "apollo-upload-client": "^14.1.3",
        "axios": "^0.21.1",
        "crypto-js": "^4.0.0",
        "graphql": "^14.0.0 || ^15.0.0",
        "react": "^17.0.0",
        "react-toastify": "^7.0.3"
      }
    },
    "node_modules/@apollo/client": {
      "version": "3.3.16",
      "resolved": "https://registry.npmjs.org/@apollo/client/-/client-3.3.16.tgz",
      "integrity": "sha512-EPTiNpmiU6/vvxpl4lXWQDqS3YddweC1sh/ewCuVP9IK0+xlVGb5vR1yhM/7T3PIJqwz52dGpZyJskmbTfENfQ==",
      "dev": true,
      "dependencies": {
        "@graphql-typed-document-node/core": "^3.0.0",
        "@types/zen-observable": "^0.8.0",
        "@wry/context": "^0.6.0",
        "@wry/equality": "^0.4.0",
        "fast-json-stable-stringify": "^2.0.0",
        "graphql-tag": "^2.12.0",
        "hoist-non-react-statics": "^3.3.2",
        "optimism": "^0.15.0",
        "prop-types": "^15.7.2",
        "symbol-observable": "^2.0.0",
        "ts-invariant": "^0.7.0",
        "tslib": "^1.10.0",
        "zen-observable": "^0.8.14"
      },
      "peerDependencies": {
        "graphql": "^14.0.0 || ^15.0.0",
        "react": "^16.8.0 || ^17.0.0",
        "subscriptions-transport-ws": "^0.9.0"
      },
      "peerDependenciesMeta": {
        "react": {
          "optional": true
        },
        "subscriptions-transport-ws": {
          "optional": true
        }
      }
    },
    "node_modules/@babel/runtime": {
      "version": "7.14.0",
      "resolved": "https://registry.npmjs.org/@babel/runtime/-/runtime-7.14.0.tgz",
      "integrity": "sha512-JELkvo/DlpNdJ7dlyw/eY7E0suy5i5GQH+Vlxaq1nsNJ+H7f4Vtv3jMeCEgRhZZQFXTjldYfQgv2qmM6M1v5wA==",
      "dev": true,
      "dependencies": {
        "regenerator-runtime": "^0.13.4"
      }
    },
    "node_modules/@casl/ability": {
      "version": "5.3.0",
      "resolved": "https://registry.npmjs.org/@casl/ability/-/ability-5.3.0.tgz",
      "integrity": "sha512-HgRU9SbrsU6Sff9291L4VKtxGPnKtTLZffoNAAtC+KhuyBQ6fFWoLRtnkrWgO1wqewBadK0Ym6fWchFRTFk1og==",
      "dev": true,
      "dependencies": {
        "@ucast/mongo2js": "^1.3.0"
      },
      "funding": {
        "url": "https://github.com/stalniy/casl/blob/master/BACKERS.md"
      }
    },
    "node_modules/@casl/react": {
      "version": "2.2.2",
      "resolved": "https://registry.npmjs.org/@casl/react/-/react-2.2.2.tgz",
      "integrity": "sha512-Ab/bUptAJclaGzscQNfddpbR6Cv/dCQbdSFXq60gOMi70Oyb6h2p55ZNE0P+0SW4XsEcmOSXr82nk7TbbXglgg==",
      "dev": true,
      "peerDependencies": {
        "@casl/ability": "^3.0.0 || ^4.0.0 || ^5.1.0",
        "react": "^15.0.0 || ^16.0.0 || ^17.0.0"
      }
    },
    "node_modules/@graphql-typed-document-node/core": {
      "version": "3.1.0",
      "resolved": "https://registry.npmjs.org/@graphql-typed-document-node/core/-/core-3.1.0.tgz",
      "integrity": "sha512-wYn6r8zVZyQJ6rQaALBEln5B1pzxb9shV5Ef97kTvn6yVGrqyXVnDqnU24MXnFubR+rZjBY9NWuxX3FB2sTsjg==",
      "dev": true,
      "peerDependencies": {
        "graphql": "^0.8.0 || ^0.9.0 || ^0.10.0 || ^0.11.0 || ^0.12.0 || ^0.13.0 || ^14.0.0 || ^15.0.0"
      }
    },
    "node_modules/@types/apollo-upload-client": {
      "version": "14.1.0",
      "resolved": "https://registry.npmjs.org/@types/apollo-upload-client/-/apollo-upload-client-14.1.0.tgz",
      "integrity": "sha512-ZLvcEqu+l9qKGdrIpASt/A2WY1ghAC9L3qaoegkiBOccjxvQmWN9liZzVFiuHTuWseWpVbMklqbs/z+KEjll9Q==",
      "dev": true,
      "dependencies": {
        "@apollo/client": "^3.1.3",
        "@types/extract-files": "*",
        "graphql": "^15.3.0"
      }
    },
    "node_modules/@types/crypto-js": {
      "version": "4.0.1",
      "resolved": "https://registry.npmjs.org/@types/crypto-js/-/crypto-js-4.0.1.tgz",
      "integrity": "sha512-6+OPzqhKX/cx5xh+yO8Cqg3u3alrkhoxhE5ZOdSEv0DOzJ13lwJ6laqGU0Kv6+XDMFmlnGId04LtY22PsFLQUw==",
      "dev": true
    },
    "node_modules/@types/extract-files": {
      "version": "8.1.0",
      "resolved": "https://registry.npmjs.org/@types/extract-files/-/extract-files-8.1.0.tgz",
      "integrity": "sha512-ulxvlFU71yLVV3JxdBgryASAIp+aZQuQOpkhU1SznJlcWz0qsJCWHqdJqP6Lprs3blqGS5FH5GbBkU0977+Wew==",
      "dev": true
    },
    "node_modules/@types/js-cookie": {
      "version": "2.2.6",
      "resolved": "https://registry.npmjs.org/@types/js-cookie/-/js-cookie-2.2.6.tgz",
      "integrity": "sha512-+oY0FDTO2GYKEV0YPvSshGq9t7YozVkgvXLty7zogQNuCxBhT9/3INX9Q7H1aRZ4SUDRXAKlJuA4EA5nTt7SNw==",
      "dev": true
    },
    "node_modules/@types/node": {
      "version": "14.14.44",
      "resolved": "https://registry.npmjs.org/@types/node/-/node-14.14.44.tgz",
      "integrity": "sha512-+gaugz6Oce6ZInfI/tK4Pq5wIIkJMEJUu92RB3Eu93mtj4wjjjz9EB5mLp5s1pSsLXdC/CPut/xF20ZzAQJbTA==",
      "dev": true
    },
    "node_modules/@types/prop-types": {
      "version": "15.7.3",
      "resolved": "https://registry.npmjs.org/@types/prop-types/-/prop-types-15.7.3.tgz",
      "integrity": "sha512-KfRL3PuHmqQLOG+2tGpRO26Ctg+Cq1E01D2DMriKEATHgWLfeNDmq9e29Q9WIky0dQ3NPkd1mzYH8Lm936Z9qw==",
      "dev": true
    },
    "node_modules/@types/react": {
      "version": "17.0.5",
      "resolved": "https://registry.npmjs.org/@types/react/-/react-17.0.5.tgz",
      "integrity": "sha512-bj4biDB9ZJmGAYTWSKJly6bMr4BLUiBrx9ujiJEoP9XIDY9CTaPGxE5QWN/1WjpPLzYF7/jRNnV2nNxNe970sw==",
      "dev": true,
      "dependencies": {
        "@types/prop-types": "*",
        "@types/scheduler": "*",
        "csstype": "^3.0.2"
      }
    },
    "node_modules/@types/scheduler": {
      "version": "0.16.1",
      "resolved": "https://registry.npmjs.org/@types/scheduler/-/scheduler-0.16.1.tgz",
      "integrity": "sha512-EaCxbanVeyxDRTQBkdLb3Bvl/HK7PBK6UJjsSixB0iHKoWxE5uu2Q/DgtpOhPIojN0Zl1whvOd7PoHs2P0s5eA==",
      "dev": true
    },
    "node_modules/@types/zen-observable": {
      "version": "0.8.2",
      "resolved": "https://registry.npmjs.org/@types/zen-observable/-/zen-observable-0.8.2.tgz",
      "integrity": "sha512-HrCIVMLjE1MOozVoD86622S7aunluLb2PJdPfb3nYiEtohm8mIB/vyv0Fd37AdeMFrTUQXEunw78YloMA3Qilg==",
      "dev": true
    },
    "node_modules/@ucast/core": {
      "version": "1.10.0",
      "resolved": "https://registry.npmjs.org/@ucast/core/-/core-1.10.0.tgz",
      "integrity": "sha512-utMIzLxgsj1VkPTN9Yzt9EaCPWYdF33Pe6fxhsK/jEiMf8M0w/cM4K3Ywc3tZSBn/Cc2YQsx7pVYe8I2NWrBRg==",
      "dev": true
    },
    "node_modules/@ucast/js": {
      "version": "3.0.1",
      "resolved": "https://registry.npmjs.org/@ucast/js/-/js-3.0.1.tgz",
      "integrity": "sha512-sabiuYsM5VUg4EaCwlDxnqcrHPFvbZcXvBu+P/o4pqK2q046RLTdo0bM7iVCn5Ro4HpCiRv3QzxtW8epcluY1g==",
      "dev": true,
      "dependencies": {
        "@ucast/core": "^1.0.0"
      }
    },
    "node_modules/@ucast/mongo": {
      "version": "2.4.1",
      "resolved": "https://registry.npmjs.org/@ucast/mongo/-/mongo-2.4.1.tgz",
      "integrity": "sha512-l/hc3TxjWO9inBrgM5iMCAcsIeV2DToppRlabQa5xB/6uHYtCXfm3TPaJgr8TU1OFxqPlaXEnNQhaV0sVHGsoQ==",
      "dev": true,
      "dependencies": {
        "@ucast/core": "^1.4.1"
      }
    },
    "node_modules/@ucast/mongo2js": {
      "version": "1.3.2",
      "resolved": "https://registry.npmjs.org/@ucast/mongo2js/-/mongo2js-1.3.2.tgz",
      "integrity": "sha512-KNOEs61wxo4VJkVGqwP2a03TKuLx9fLMQgW5HD8Th/mrcuP1SspS4W+kUQD+wB1AA5pOn65hzlHUw5wZBwme0Q==",
      "dev": true,
      "dependencies": {
        "@ucast/core": "^1.6.1",
        "@ucast/js": "^3.0.0",
        "@ucast/mongo": "^2.4.0"
      }
    },
    "node_modules/@wry/context": {
      "version": "0.6.0",
      "resolved": "https://registry.npmjs.org/@wry/context/-/context-0.6.0.tgz",
      "integrity": "sha512-sAgendOXR8dM7stJw3FusRxFHF/ZinU0lffsA2YTyyIOfic86JX02qlPqPVqJNZJPAxFt+2EE8bvq6ZlS0Kf+Q==",
      "dev": true,
      "dependencies": {
        "tslib": "^2.1.0"
      },
      "engines": {
        "node": ">=8"
      }
    },
    "node_modules/@wry/context/node_modules/tslib": {
      "version": "2.2.0",
      "resolved": "https://registry.npmjs.org/tslib/-/tslib-2.2.0.tgz",
      "integrity": "sha512-gS9GVHRU+RGn5KQM2rllAlR3dU6m7AcpJKdtH8gFvQiC4Otgk98XnmMU+nZenHt/+VhnBPWwgrJsyrdcw6i23w==",
      "dev": true
    },
    "node_modules/@wry/equality": {
      "version": "0.4.0",
      "resolved": "https://registry.npmjs.org/@wry/equality/-/equality-0.4.0.tgz",
      "integrity": "sha512-DxN/uawWfhRbgYE55zVCPOoe+jvsQ4m7PT1Wlxjyb/LCCLuU1UsucV2BbCxFAX8bjcSueFBbB5Qfj1Zfe8e7Fw==",
      "dev": true,
      "dependencies": {
        "tslib": "^2.1.0"
      },
      "engines": {
        "node": ">=8"
      }
    },
    "node_modules/@wry/equality/node_modules/tslib": {
      "version": "2.2.0",
      "resolved": "https://registry.npmjs.org/tslib/-/tslib-2.2.0.tgz",
      "integrity": "sha512-gS9GVHRU+RGn5KQM2rllAlR3dU6m7AcpJKdtH8gFvQiC4Otgk98XnmMU+nZenHt/+VhnBPWwgrJsyrdcw6i23w==",
      "dev": true
    },
    "node_modules/@wry/trie": {
      "version": "0.3.0",
      "resolved": "https://registry.npmjs.org/@wry/trie/-/trie-0.3.0.tgz",
      "integrity": "sha512-Yw1akIogPhAT6XPYsRHlZZIS0tIGmAl9EYXHi2scf7LPKKqdqmow/Hu4kEqP2cJR3EjaU/9L0ZlAjFf3hFxmug==",
      "dev": true,
      "dependencies": {
        "tslib": "^2.1.0"
      },
      "engines": {
        "node": ">=8"
      }
    },
    "node_modules/@wry/trie/node_modules/tslib": {
      "version": "2.2.0",
      "resolved": "https://registry.npmjs.org/tslib/-/tslib-2.2.0.tgz",
      "integrity": "sha512-gS9GVHRU+RGn5KQM2rllAlR3dU6m7AcpJKdtH8gFvQiC4Otgk98XnmMU+nZenHt/+VhnBPWwgrJsyrdcw6i23w==",
      "dev": true
    },
    "node_modules/apollo-upload-client": {
      "version": "14.1.3",
      "resolved": "https://registry.npmjs.org/apollo-upload-client/-/apollo-upload-client-14.1.3.tgz",
      "integrity": "sha512-X2T+7pHk5lcaaWnvP9h2tuAAMCzOW6/9juedQ0ZuGp3Ufl81BpDISlCs0o6u29wBV0RRT/QpMU2gbP+3FCfVpQ==",
      "dev": true,
      "dependencies": {
        "@apollo/client": "^3.2.5",
        "@babel/runtime": "^7.12.5",
        "extract-files": "^9.0.0"
      },
      "engines": {
        "node": "^10.17.0 || ^12.0.0 || >= 13.7.0"
      },
      "funding": {
        "url": "https://github.com/sponsors/jaydenseric"
      },
      "peerDependencies": {
        "graphql": "14 - 15"
      }
    },
    "node_modules/axios": {
      "version": "0.21.1",
      "resolved": "https://registry.npmjs.org/axios/-/axios-0.21.1.tgz",
      "integrity": "sha512-dKQiRHxGD9PPRIUNIWvZhPTPpl1rf/OxTYKsqKUDjBwYylTvV7SjSHJb9ratfyzM6wCdLCOYLzs73qpg5c4iGA==",
      "dev": true,
      "dependencies": {
        "follow-redirects": "^1.10.0"
      }
    },
    "node_modules/clsx": {
      "version": "1.1.1",
      "resolved": "https://registry.npmjs.org/clsx/-/clsx-1.1.1.tgz",
      "integrity": "sha512-6/bPho624p3S2pMyvP5kKBPXnI3ufHLObBFCfgx+LkeR5lg2XYy2hqZqUf45ypD8COn2bhgGJSUE+l5dhNBieA==",
      "dev": true,
      "engines": {
        "node": ">=6"
      }
    },
    "node_modules/crypto-js": {
      "version": "4.0.0",
      "resolved": "https://registry.npmjs.org/crypto-js/-/crypto-js-4.0.0.tgz",
      "integrity": "sha512-bzHZN8Pn+gS7DQA6n+iUmBfl0hO5DJq++QP3U6uTucDtk/0iGpXd/Gg7CGR0p8tJhofJyaKoWBuJI4eAO00BBg==",
      "dev": true
    },
    "node_modules/csstype": {
      "version": "3.0.8",
      "resolved": "https://registry.npmjs.org/csstype/-/csstype-3.0.8.tgz",
      "integrity": "sha512-jXKhWqXPmlUeoQnF/EhTtTl4C9SnrxSH/jZUih3jmO6lBKr99rP3/+FmrMj4EFpOXzMtXHAZkd3x0E6h6Fgflw==",
      "dev": true
    },
    "node_modules/extract-files": {
      "version": "9.0.0",
      "resolved": "https://registry.npmjs.org/extract-files/-/extract-files-9.0.0.tgz",
      "integrity": "sha512-CvdFfHkC95B4bBBk36hcEmvdR2awOdhhVUYH6S/zrVj3477zven/fJMYg7121h4T1xHZC+tetUpubpAhxwI7hQ==",
      "dev": true,
      "engines": {
        "node": "^10.17.0 || ^12.0.0 || >= 13.7.0"
      },
      "funding": {
        "url": "https://github.com/sponsors/jaydenseric"
      }
    },
    "node_modules/fast-json-stable-stringify": {
      "version": "2.1.0",
      "resolved": "https://registry.npmjs.org/fast-json-stable-stringify/-/fast-json-stable-stringify-2.1.0.tgz",
      "integrity": "sha512-lhd/wF+Lk98HZoTCtlVraHtfh5XYijIjalXck7saUtuanSDyLMxnHhSXEDJqHxD7msR8D0uCmqlkwjCV8xvwHw==",
      "dev": true
    },
    "node_modules/follow-redirects": {
      "version": "1.14.1",
      "resolved": "https://registry.npmjs.org/follow-redirects/-/follow-redirects-1.14.1.tgz",
      "integrity": "sha512-HWqDgT7ZEkqRzBvc2s64vSZ/hfOceEol3ac/7tKwzuvEyWx3/4UegXh5oBOIotkGsObyk3xznnSRVADBgWSQVg==",
      "dev": true,
      "funding": [
        {
          "type": "individual",
          "url": "https://github.com/sponsors/RubenVerborgh"
        }
      ],
      "engines": {
        "node": ">=4.0"
      },
      "peerDependenciesMeta": {
        "debug": {
          "optional": true
        }
      }
    },
    "node_modules/graphql": {
      "version": "15.5.0",
      "resolved": "https://registry.npmjs.org/graphql/-/graphql-15.5.0.tgz",
      "integrity": "sha512-OmaM7y0kaK31NKG31q4YbD2beNYa6jBBKtMFT6gLYJljHLJr42IqJ8KX08u3Li/0ifzTU5HjmoOOrwa5BRLeDA==",
      "dev": true,
      "engines": {
        "node": ">= 10.x"
      }
    },
    "node_modules/graphql-tag": {
      "version": "2.12.4",
      "resolved": "https://registry.npmjs.org/graphql-tag/-/graphql-tag-2.12.4.tgz",
      "integrity": "sha512-VV1U4O+9x99EkNpNmCUV5RZwq6MnK4+pGbRYWG+lA/m3uo7TSqJF81OkcOP148gFP6fzdl7JWYBrwWVTS9jXww==",
      "dev": true,
      "dependencies": {
        "tslib": "^2.1.0"
      },
      "engines": {
        "node": ">=10"
      },
      "peerDependencies": {
        "graphql": "^0.9.0 || ^0.10.0 || ^0.11.0 || ^0.12.0 || ^0.13.0 || ^14.0.0 || ^15.0.0"
      }
    },
    "node_modules/graphql-tag/node_modules/tslib": {
      "version": "2.2.0",
      "resolved": "https://registry.npmjs.org/tslib/-/tslib-2.2.0.tgz",
      "integrity": "sha512-gS9GVHRU+RGn5KQM2rllAlR3dU6m7AcpJKdtH8gFvQiC4Otgk98XnmMU+nZenHt/+VhnBPWwgrJsyrdcw6i23w==",
      "dev": true
    },
    "node_modules/hoist-non-react-statics": {
      "version": "3.3.2",
      "resolved": "https://registry.npmjs.org/hoist-non-react-statics/-/hoist-non-react-statics-3.3.2.tgz",
      "integrity": "sha512-/gGivxi8JPKWNm/W0jSmzcMPpfpPLc3dY/6GxhX2hQ9iGj3aDfklV4ET7NjKpSinLpJ5vafa9iiGIEZg10SfBw==",
      "dev": true,
      "dependencies": {
        "react-is": "^16.7.0"
      }
    },
    "node_modules/js-tokens": {
      "version": "4.0.0",
      "resolved": "https://registry.npmjs.org/js-tokens/-/js-tokens-4.0.0.tgz",
      "integrity": "sha512-RdJUflcE3cUzKiMqQgsCu06FPu9UdIJO0beYbPhHN4k6apgJtifcoCtT9bcxOpYBtpD2kCM6Sbzg4CausW/PKQ==",
      "dev": true
    },
    "node_modules/loose-envify": {
      "version": "1.4.0",
      "resolved": "https://registry.npmjs.org/loose-envify/-/loose-envify-1.4.0.tgz",
      "integrity": "sha512-lyuxPGr/Wfhrlem2CL/UcnUc1zcqKAImBDzukY7Y5F/yQiNdko6+fRLevlw1HgMySw7f611UIY408EtxRSoK3Q==",
      "dev": true,
      "dependencies": {
        "js-tokens": "^3.0.0 || ^4.0.0"
      },
      "bin": {
        "loose-envify": "cli.js"
      }
    },
    "node_modules/object-assign": {
      "version": "4.1.1",
      "resolved": "https://registry.npmjs.org/object-assign/-/object-assign-4.1.1.tgz",
      "integrity": "sha1-IQmtx5ZYh8/AXLvUQsrIv7s2CGM=",
      "dev": true,
      "engines": {
        "node": ">=0.10.0"
      }
    },
    "node_modules/optimism": {
      "version": "0.15.0",
      "resolved": "https://registry.npmjs.org/optimism/-/optimism-0.15.0.tgz",
      "integrity": "sha512-KLKl3Kb7hH++s9ewRcBhmfpXgXF0xQ+JZ3xQFuPjnoT6ib2TDmYyVkKENmGxivsN2G3VRxpXuauCkB4GYOhtPw==",
      "dev": true,
      "dependencies": {
        "@wry/context": "^0.6.0",
        "@wry/trie": "^0.3.0"
      }
    },
    "node_modules/prop-types": {
      "version": "15.7.2",
      "resolved": "https://registry.npmjs.org/prop-types/-/prop-types-15.7.2.tgz",
      "integrity": "sha512-8QQikdH7//R2vurIJSutZ1smHYTcLpRWEOlHnzcWHmBYrOGUysKwSsrC89BCiFj3CbrfJ/nXFdJepOVrY1GCHQ==",
      "dev": true,
      "dependencies": {
        "loose-envify": "^1.4.0",
        "object-assign": "^4.1.1",
        "react-is": "^16.8.1"
      }
    },
    "node_modules/react": {
      "version": "17.0.2",
      "resolved": "https://registry.npmjs.org/react/-/react-17.0.2.tgz",
      "integrity": "sha512-gnhPt75i/dq/z3/6q/0asP78D0u592D5L1pd7M8P+dck6Fu/jJeL6iVVK23fptSUZj8Vjf++7wXA8UNclGQcbA==",
      "dev": true,
      "dependencies": {
        "loose-envify": "^1.1.0",
        "object-assign": "^4.1.1"
      },
      "engines": {
        "node": ">=0.10.0"
      }
    },
    "node_modules/react-dom": {
      "version": "17.0.2",
      "resolved": "https://registry.npmjs.org/react-dom/-/react-dom-17.0.2.tgz",
      "integrity": "sha512-s4h96KtLDUQlsENhMn1ar8t2bEa+q/YAtj8pPPdIjPDGBDIVNsrD9aXNWqspUe6AzKCIG0C1HZZLqLV7qpOBGA==",
      "dev": true,
      "peer": true,
      "dependencies": {
        "loose-envify": "^1.1.0",
        "object-assign": "^4.1.1",
        "scheduler": "^0.20.2"
      },
      "peerDependencies": {
        "react": "17.0.2"
      }
    },
    "node_modules/react-is": {
      "version": "16.13.1",
      "resolved": "https://registry.npmjs.org/react-is/-/react-is-16.13.1.tgz",
      "integrity": "sha512-24e6ynE2H+OKt4kqsOvNd8kBpV65zoxbA4BVsEOB3ARVWQki/DHzaUoC5KuON/BiccDaCCTZBuOcfZs70kR8bQ==",
      "dev": true
    },
    "node_modules/react-toastify": {
      "version": "7.0.4",
      "resolved": "https://registry.npmjs.org/react-toastify/-/react-toastify-7.0.4.tgz",
      "integrity": "sha512-Rol7+Cn39hZp5hQ/k6CbMNE2CKYV9E5OQdC/hBLtIQU2xz7DdAm7xil4NITQTHR6zEbE5RVFbpgSwTD7xRGLeQ==",
      "dev": true,
      "dependencies": {
        "clsx": "^1.1.1"
      },
      "peerDependencies": {
        "react": ">=16",
        "react-dom": ">=16"
      }
    },
    "node_modules/regenerator-runtime": {
      "version": "0.13.7",
      "resolved": "https://registry.npmjs.org/regenerator-runtime/-/regenerator-runtime-0.13.7.tgz",
      "integrity": "sha512-a54FxoJDIr27pgf7IgeQGxmqUNYrcV338lf/6gH456HZ/PhX+5BcwHXG9ajESmwe6WRO0tAzRUrRmNONWgkrew==",
      "dev": true
    },
    "node_modules/scheduler": {
      "version": "0.20.2",
      "resolved": "https://registry.npmjs.org/scheduler/-/scheduler-0.20.2.tgz",
      "integrity": "sha512-2eWfGgAqqWFGqtdMmcL5zCMK1U8KlXv8SQFGglL3CEtd0aDVDWgeF/YoCmvln55m5zSk3J/20hTaSBeSObsQDQ==",
      "dev": true,
      "peer": true,
      "dependencies": {
        "loose-envify": "^1.1.0",
        "object-assign": "^4.1.1"
      }
    },
    "node_modules/symbol-observable": {
      "version": "2.0.3",
      "resolved": "https://registry.npmjs.org/symbol-observable/-/symbol-observable-2.0.3.tgz",
      "integrity": "sha512-sQV7phh2WCYAn81oAkakC5qjq2Ml0g8ozqz03wOGnx9dDlG1de6yrF+0RAzSJD8fPUow3PTSMf2SAbOGxb93BA==",
      "dev": true,
      "engines": {
        "node": ">=0.10"
      }
    },
    "node_modules/ts-invariant": {
      "version": "0.7.3",
      "resolved": "https://registry.npmjs.org/ts-invariant/-/ts-invariant-0.7.3.tgz",
      "integrity": "sha512-UWDDeovyUTIMWj+45g5nhnl+8oo+GhxL5leTaHn5c8FkQWfh8v66gccLd2/YzVmV5hoQUjCEjhrXnQqVDJdvKA==",
      "dev": true,
      "dependencies": {
        "tslib": "^2.1.0"
      },
      "engines": {
        "node": ">=8"
      }
    },
    "node_modules/ts-invariant/node_modules/tslib": {
      "version": "2.2.0",
      "resolved": "https://registry.npmjs.org/tslib/-/tslib-2.2.0.tgz",
      "integrity": "sha512-gS9GVHRU+RGn5KQM2rllAlR3dU6m7AcpJKdtH8gFvQiC4Otgk98XnmMU+nZenHt/+VhnBPWwgrJsyrdcw6i23w==",
      "dev": true
    },
    "node_modules/tslib": {
      "version": "1.14.1",
      "resolved": "https://registry.npmjs.org/tslib/-/tslib-1.14.1.tgz",
      "integrity": "sha512-Xni35NKzjgMrwevysHTCArtLDpPvye8zV/0E4EyYn43P7/7qvQwPh9BGkHewbMulVntbigmcT7rdX3BNo9wRJg==",
      "dev": true
    },
    "node_modules/typescript": {
      "version": "4.2.4",
      "resolved": "https://registry.npmjs.org/typescript/-/typescript-4.2.4.tgz",
      "integrity": "sha512-V+evlYHZnQkaz8TRBuxTA92yZBPotr5H+WhQ7bD3hZUndx5tGOa1fuCgeSjxAzM1RiN5IzvadIXTVefuuwZCRg==",
      "dev": true,
      "bin": {
        "tsc": "bin/tsc",
        "tsserver": "bin/tsserver"
      },
      "engines": {
        "node": ">=4.2.0"
      }
    },
    "node_modules/zen-observable": {
      "version": "0.8.15",
      "resolved": "https://registry.npmjs.org/zen-observable/-/zen-observable-0.8.15.tgz",
      "integrity": "sha512-PQ2PC7R9rslx84ndNBZB/Dkv8V8fZEpk83RLgXtYd0fwUgEjseMn1Dgajh2x6S8QbZAFa9p2qVCEuYZNgve0dQ==",
      "dev": true
    }
  },
  "dependencies": {
    "@apollo/client": {
      "version": "3.3.16",
      "resolved": "https://registry.npmjs.org/@apollo/client/-/client-3.3.16.tgz",
      "integrity": "sha512-EPTiNpmiU6/vvxpl4lXWQDqS3YddweC1sh/ewCuVP9IK0+xlVGb5vR1yhM/7T3PIJqwz52dGpZyJskmbTfENfQ==",
      "dev": true,
      "requires": {
        "@graphql-typed-document-node/core": "^3.0.0",
        "@types/zen-observable": "^0.8.0",
        "@wry/context": "^0.6.0",
        "@wry/equality": "^0.4.0",
        "fast-json-stable-stringify": "^2.0.0",
        "graphql-tag": "^2.12.0",
        "hoist-non-react-statics": "^3.3.2",
        "optimism": "^0.15.0",
        "prop-types": "^15.7.2",
        "symbol-observable": "^2.0.0",
        "ts-invariant": "^0.7.0",
        "tslib": "^1.10.0",
        "zen-observable": "^0.8.14"
      }
    },
    "@babel/runtime": {
      "version": "7.14.0",
      "resolved": "https://registry.npmjs.org/@babel/runtime/-/runtime-7.14.0.tgz",
      "integrity": "sha512-JELkvo/DlpNdJ7dlyw/eY7E0suy5i5GQH+Vlxaq1nsNJ+H7f4Vtv3jMeCEgRhZZQFXTjldYfQgv2qmM6M1v5wA==",
      "dev": true,
      "requires": {
        "regenerator-runtime": "^0.13.4"
      }
    },
    "@casl/ability": {
      "version": "5.3.0",
      "resolved": "https://registry.npmjs.org/@casl/ability/-/ability-5.3.0.tgz",
      "integrity": "sha512-HgRU9SbrsU6Sff9291L4VKtxGPnKtTLZffoNAAtC+KhuyBQ6fFWoLRtnkrWgO1wqewBadK0Ym6fWchFRTFk1og==",
      "dev": true,
      "requires": {
        "@ucast/mongo2js": "^1.3.0"
      }
    },
    "@casl/react": {
      "version": "2.2.2",
      "resolved": "https://registry.npmjs.org/@casl/react/-/react-2.2.2.tgz",
      "integrity": "sha512-Ab/bUptAJclaGzscQNfddpbR6Cv/dCQbdSFXq60gOMi70Oyb6h2p55ZNE0P+0SW4XsEcmOSXr82nk7TbbXglgg==",
      "dev": true,
      "requires": {}
    },
    "@graphql-typed-document-node/core": {
      "version": "3.1.0",
      "resolved": "https://registry.npmjs.org/@graphql-typed-document-node/core/-/core-3.1.0.tgz",
      "integrity": "sha512-wYn6r8zVZyQJ6rQaALBEln5B1pzxb9shV5Ef97kTvn6yVGrqyXVnDqnU24MXnFubR+rZjBY9NWuxX3FB2sTsjg==",
      "dev": true,
      "requires": {}
    },
    "@types/apollo-upload-client": {
      "version": "14.1.0",
      "resolved": "https://registry.npmjs.org/@types/apollo-upload-client/-/apollo-upload-client-14.1.0.tgz",
      "integrity": "sha512-ZLvcEqu+l9qKGdrIpASt/A2WY1ghAC9L3qaoegkiBOccjxvQmWN9liZzVFiuHTuWseWpVbMklqbs/z+KEjll9Q==",
      "dev": true,
      "requires": {
        "@apollo/client": "^3.1.3",
        "@types/extract-files": "*",
        "graphql": "^15.3.0"
      }
    },
    "@types/crypto-js": {
      "version": "4.0.1",
      "resolved": "https://registry.npmjs.org/@types/crypto-js/-/crypto-js-4.0.1.tgz",
      "integrity": "sha512-6+OPzqhKX/cx5xh+yO8Cqg3u3alrkhoxhE5ZOdSEv0DOzJ13lwJ6laqGU0Kv6+XDMFmlnGId04LtY22PsFLQUw==",
      "dev": true
    },
    "@types/extract-files": {
      "version": "8.1.0",
      "resolved": "https://registry.npmjs.org/@types/extract-files/-/extract-files-8.1.0.tgz",
      "integrity": "sha512-ulxvlFU71yLVV3JxdBgryASAIp+aZQuQOpkhU1SznJlcWz0qsJCWHqdJqP6Lprs3blqGS5FH5GbBkU0977+Wew==",
      "dev": true
    },
    "@types/js-cookie": {
      "version": "2.2.6",
      "resolved": "https://registry.npmjs.org/@types/js-cookie/-/js-cookie-2.2.6.tgz",
      "integrity": "sha512-+oY0FDTO2GYKEV0YPvSshGq9t7YozVkgvXLty7zogQNuCxBhT9/3INX9Q7H1aRZ4SUDRXAKlJuA4EA5nTt7SNw==",
      "dev": true
    },
    "@types/node": {
      "version": "14.14.44",
      "resolved": "https://registry.npmjs.org/@types/node/-/node-14.14.44.tgz",
      "integrity": "sha512-+gaugz6Oce6ZInfI/tK4Pq5wIIkJMEJUu92RB3Eu93mtj4wjjjz9EB5mLp5s1pSsLXdC/CPut/xF20ZzAQJbTA==",
      "dev": true
    },
    "@types/prop-types": {
      "version": "15.7.3",
      "resolved": "https://registry.npmjs.org/@types/prop-types/-/prop-types-15.7.3.tgz",
      "integrity": "sha512-KfRL3PuHmqQLOG+2tGpRO26Ctg+Cq1E01D2DMriKEATHgWLfeNDmq9e29Q9WIky0dQ3NPkd1mzYH8Lm936Z9qw==",
      "dev": true
    },
    "@types/react": {
      "version": "17.0.5",
      "resolved": "https://registry.npmjs.org/@types/react/-/react-17.0.5.tgz",
      "integrity": "sha512-bj4biDB9ZJmGAYTWSKJly6bMr4BLUiBrx9ujiJEoP9XIDY9CTaPGxE5QWN/1WjpPLzYF7/jRNnV2nNxNe970sw==",
      "dev": true,
      "requires": {
        "@types/prop-types": "*",
        "@types/scheduler": "*",
        "csstype": "^3.0.2"
      }
    },
    "@types/scheduler": {
      "version": "0.16.1",
      "resolved": "https://registry.npmjs.org/@types/scheduler/-/scheduler-0.16.1.tgz",
      "integrity": "sha512-EaCxbanVeyxDRTQBkdLb3Bvl/HK7PBK6UJjsSixB0iHKoWxE5uu2Q/DgtpOhPIojN0Zl1whvOd7PoHs2P0s5eA==",
      "dev": true
    },
    "@types/zen-observable": {
      "version": "0.8.2",
      "resolved": "https://registry.npmjs.org/@types/zen-observable/-/zen-observable-0.8.2.tgz",
      "integrity": "sha512-HrCIVMLjE1MOozVoD86622S7aunluLb2PJdPfb3nYiEtohm8mIB/vyv0Fd37AdeMFrTUQXEunw78YloMA3Qilg==",
      "dev": true
    },
    "@ucast/core": {
      "version": "1.10.0",
      "resolved": "https://registry.npmjs.org/@ucast/core/-/core-1.10.0.tgz",
      "integrity": "sha512-utMIzLxgsj1VkPTN9Yzt9EaCPWYdF33Pe6fxhsK/jEiMf8M0w/cM4K3Ywc3tZSBn/Cc2YQsx7pVYe8I2NWrBRg==",
      "dev": true
    },
    "@ucast/js": {
      "version": "3.0.1",
      "resolved": "https://registry.npmjs.org/@ucast/js/-/js-3.0.1.tgz",
      "integrity": "sha512-sabiuYsM5VUg4EaCwlDxnqcrHPFvbZcXvBu+P/o4pqK2q046RLTdo0bM7iVCn5Ro4HpCiRv3QzxtW8epcluY1g==",
      "dev": true,
      "requires": {
        "@ucast/core": "^1.0.0"
      }
    },
    "@ucast/mongo": {
      "version": "2.4.1",
      "resolved": "https://registry.npmjs.org/@ucast/mongo/-/mongo-2.4.1.tgz",
      "integrity": "sha512-l/hc3TxjWO9inBrgM5iMCAcsIeV2DToppRlabQa5xB/6uHYtCXfm3TPaJgr8TU1OFxqPlaXEnNQhaV0sVHGsoQ==",
      "dev": true,
      "requires": {
        "@ucast/core": "^1.4.1"
      }
    },
    "@ucast/mongo2js": {
      "version": "1.3.2",
      "resolved": "https://registry.npmjs.org/@ucast/mongo2js/-/mongo2js-1.3.2.tgz",
      "integrity": "sha512-KNOEs61wxo4VJkVGqwP2a03TKuLx9fLMQgW5HD8Th/mrcuP1SspS4W+kUQD+wB1AA5pOn65hzlHUw5wZBwme0Q==",
      "dev": true,
      "requires": {
        "@ucast/core": "^1.6.1",
        "@ucast/js": "^3.0.0",
        "@ucast/mongo": "^2.4.0"
      }
    },
    "@wry/context": {
      "version": "0.6.0",
      "resolved": "https://registry.npmjs.org/@wry/context/-/context-0.6.0.tgz",
      "integrity": "sha512-sAgendOXR8dM7stJw3FusRxFHF/ZinU0lffsA2YTyyIOfic86JX02qlPqPVqJNZJPAxFt+2EE8bvq6ZlS0Kf+Q==",
      "dev": true,
      "requires": {
        "tslib": "^2.1.0"
      },
      "dependencies": {
        "tslib": {
          "version": "2.2.0",
          "resolved": "https://registry.npmjs.org/tslib/-/tslib-2.2.0.tgz",
          "integrity": "sha512-gS9GVHRU+RGn5KQM2rllAlR3dU6m7AcpJKdtH8gFvQiC4Otgk98XnmMU+nZenHt/+VhnBPWwgrJsyrdcw6i23w==",
          "dev": true
        }
      }
    },
    "@wry/equality": {
      "version": "0.4.0",
      "resolved": "https://registry.npmjs.org/@wry/equality/-/equality-0.4.0.tgz",
      "integrity": "sha512-DxN/uawWfhRbgYE55zVCPOoe+jvsQ4m7PT1Wlxjyb/LCCLuU1UsucV2BbCxFAX8bjcSueFBbB5Qfj1Zfe8e7Fw==",
      "dev": true,
      "requires": {
        "tslib": "^2.1.0"
      },
      "dependencies": {
        "tslib": {
          "version": "2.2.0",
          "resolved": "https://registry.npmjs.org/tslib/-/tslib-2.2.0.tgz",
          "integrity": "sha512-gS9GVHRU+RGn5KQM2rllAlR3dU6m7AcpJKdtH8gFvQiC4Otgk98XnmMU+nZenHt/+VhnBPWwgrJsyrdcw6i23w==",
          "dev": true
        }
      }
    },
    "@wry/trie": {
      "version": "0.3.0",
      "resolved": "https://registry.npmjs.org/@wry/trie/-/trie-0.3.0.tgz",
      "integrity": "sha512-Yw1akIogPhAT6XPYsRHlZZIS0tIGmAl9EYXHi2scf7LPKKqdqmow/Hu4kEqP2cJR3EjaU/9L0ZlAjFf3hFxmug==",
      "dev": true,
      "requires": {
        "tslib": "^2.1.0"
      },
      "dependencies": {
        "tslib": {
          "version": "2.2.0",
          "resolved": "https://registry.npmjs.org/tslib/-/tslib-2.2.0.tgz",
          "integrity": "sha512-gS9GVHRU+RGn5KQM2rllAlR3dU6m7AcpJKdtH8gFvQiC4Otgk98XnmMU+nZenHt/+VhnBPWwgrJsyrdcw6i23w==",
          "dev": true
        }
      }
    },
    "apollo-upload-client": {
      "version": "14.1.3",
      "resolved": "https://registry.npmjs.org/apollo-upload-client/-/apollo-upload-client-14.1.3.tgz",
      "integrity": "sha512-X2T+7pHk5lcaaWnvP9h2tuAAMCzOW6/9juedQ0ZuGp3Ufl81BpDISlCs0o6u29wBV0RRT/QpMU2gbP+3FCfVpQ==",
      "dev": true,
      "requires": {
        "@apollo/client": "^3.2.5",
        "@babel/runtime": "^7.12.5",
        "extract-files": "^9.0.0"
      }
    },
    "axios": {
      "version": "0.21.1",
      "resolved": "https://registry.npmjs.org/axios/-/axios-0.21.1.tgz",
      "integrity": "sha512-dKQiRHxGD9PPRIUNIWvZhPTPpl1rf/OxTYKsqKUDjBwYylTvV7SjSHJb9ratfyzM6wCdLCOYLzs73qpg5c4iGA==",
      "dev": true,
      "requires": {
        "follow-redirects": "^1.10.0"
      }
    },
    "clsx": {
      "version": "1.1.1",
      "resolved": "https://registry.npmjs.org/clsx/-/clsx-1.1.1.tgz",
      "integrity": "sha512-6/bPho624p3S2pMyvP5kKBPXnI3ufHLObBFCfgx+LkeR5lg2XYy2hqZqUf45ypD8COn2bhgGJSUE+l5dhNBieA==",
      "dev": true
    },
    "crypto-js": {
      "version": "4.0.0",
      "resolved": "https://registry.npmjs.org/crypto-js/-/crypto-js-4.0.0.tgz",
      "integrity": "sha512-bzHZN8Pn+gS7DQA6n+iUmBfl0hO5DJq++QP3U6uTucDtk/0iGpXd/Gg7CGR0p8tJhofJyaKoWBuJI4eAO00BBg==",
      "dev": true
    },
    "csstype": {
      "version": "3.0.8",
      "resolved": "https://registry.npmjs.org/csstype/-/csstype-3.0.8.tgz",
      "integrity": "sha512-jXKhWqXPmlUeoQnF/EhTtTl4C9SnrxSH/jZUih3jmO6lBKr99rP3/+FmrMj4EFpOXzMtXHAZkd3x0E6h6Fgflw==",
      "dev": true
    },
    "extract-files": {
      "version": "9.0.0",
      "resolved": "https://registry.npmjs.org/extract-files/-/extract-files-9.0.0.tgz",
      "integrity": "sha512-CvdFfHkC95B4bBBk36hcEmvdR2awOdhhVUYH6S/zrVj3477zven/fJMYg7121h4T1xHZC+tetUpubpAhxwI7hQ==",
      "dev": true
    },
    "fast-json-stable-stringify": {
      "version": "2.1.0",
      "resolved": "https://registry.npmjs.org/fast-json-stable-stringify/-/fast-json-stable-stringify-2.1.0.tgz",
      "integrity": "sha512-lhd/wF+Lk98HZoTCtlVraHtfh5XYijIjalXck7saUtuanSDyLMxnHhSXEDJqHxD7msR8D0uCmqlkwjCV8xvwHw==",
      "dev": true
    },
    "follow-redirects": {
      "version": "1.14.1",
      "resolved": "https://registry.npmjs.org/follow-redirects/-/follow-redirects-1.14.1.tgz",
      "integrity": "sha512-HWqDgT7ZEkqRzBvc2s64vSZ/hfOceEol3ac/7tKwzuvEyWx3/4UegXh5oBOIotkGsObyk3xznnSRVADBgWSQVg==",
      "dev": true
    },
    "graphql": {
      "version": "15.5.0",
      "resolved": "https://registry.npmjs.org/graphql/-/graphql-15.5.0.tgz",
      "integrity": "sha512-OmaM7y0kaK31NKG31q4YbD2beNYa6jBBKtMFT6gLYJljHLJr42IqJ8KX08u3Li/0ifzTU5HjmoOOrwa5BRLeDA==",
      "dev": true
    },
    "graphql-tag": {
      "version": "2.12.4",
      "resolved": "https://registry.npmjs.org/graphql-tag/-/graphql-tag-2.12.4.tgz",
      "integrity": "sha512-VV1U4O+9x99EkNpNmCUV5RZwq6MnK4+pGbRYWG+lA/m3uo7TSqJF81OkcOP148gFP6fzdl7JWYBrwWVTS9jXww==",
      "dev": true,
      "requires": {
        "tslib": "^2.1.0"
      },
      "dependencies": {
        "tslib": {
          "version": "2.2.0",
          "resolved": "https://registry.npmjs.org/tslib/-/tslib-2.2.0.tgz",
          "integrity": "sha512-gS9GVHRU+RGn5KQM2rllAlR3dU6m7AcpJKdtH8gFvQiC4Otgk98XnmMU+nZenHt/+VhnBPWwgrJsyrdcw6i23w==",
          "dev": true
        }
      }
    },
    "hoist-non-react-statics": {
      "version": "3.3.2",
      "resolved": "https://registry.npmjs.org/hoist-non-react-statics/-/hoist-non-react-statics-3.3.2.tgz",
      "integrity": "sha512-/gGivxi8JPKWNm/W0jSmzcMPpfpPLc3dY/6GxhX2hQ9iGj3aDfklV4ET7NjKpSinLpJ5vafa9iiGIEZg10SfBw==",
      "dev": true,
      "requires": {
        "react-is": "^16.7.0"
      }
    },
    "js-tokens": {
      "version": "4.0.0",
      "resolved": "https://registry.npmjs.org/js-tokens/-/js-tokens-4.0.0.tgz",
      "integrity": "sha512-RdJUflcE3cUzKiMqQgsCu06FPu9UdIJO0beYbPhHN4k6apgJtifcoCtT9bcxOpYBtpD2kCM6Sbzg4CausW/PKQ==",
      "dev": true
    },
    "loose-envify": {
      "version": "1.4.0",
      "resolved": "https://registry.npmjs.org/loose-envify/-/loose-envify-1.4.0.tgz",
      "integrity": "sha512-lyuxPGr/Wfhrlem2CL/UcnUc1zcqKAImBDzukY7Y5F/yQiNdko6+fRLevlw1HgMySw7f611UIY408EtxRSoK3Q==",
      "dev": true,
      "requires": {
        "js-tokens": "^3.0.0 || ^4.0.0"
      }
    },
    "object-assign": {
      "version": "4.1.1",
      "resolved": "https://registry.npmjs.org/object-assign/-/object-assign-4.1.1.tgz",
      "integrity": "sha1-IQmtx5ZYh8/AXLvUQsrIv7s2CGM=",
      "dev": true
    },
    "optimism": {
      "version": "0.15.0",
      "resolved": "https://registry.npmjs.org/optimism/-/optimism-0.15.0.tgz",
      "integrity": "sha512-KLKl3Kb7hH++s9ewRcBhmfpXgXF0xQ+JZ3xQFuPjnoT6ib2TDmYyVkKENmGxivsN2G3VRxpXuauCkB4GYOhtPw==",
      "dev": true,
      "requires": {
        "@wry/context": "^0.6.0",
        "@wry/trie": "^0.3.0"
      }
    },
    "prop-types": {
      "version": "15.7.2",
      "resolved": "https://registry.npmjs.org/prop-types/-/prop-types-15.7.2.tgz",
      "integrity": "sha512-8QQikdH7//R2vurIJSutZ1smHYTcLpRWEOlHnzcWHmBYrOGUysKwSsrC89BCiFj3CbrfJ/nXFdJepOVrY1GCHQ==",
      "dev": true,
      "requires": {
        "loose-envify": "^1.4.0",
        "object-assign": "^4.1.1",
        "react-is": "^16.8.1"
      }
    },
    "react": {
      "version": "17.0.2",
      "resolved": "https://registry.npmjs.org/react/-/react-17.0.2.tgz",
      "integrity": "sha512-gnhPt75i/dq/z3/6q/0asP78D0u592D5L1pd7M8P+dck6Fu/jJeL6iVVK23fptSUZj8Vjf++7wXA8UNclGQcbA==",
      "dev": true,
      "requires": {
        "loose-envify": "^1.1.0",
        "object-assign": "^4.1.1"
      }
    },
    "react-dom": {
      "version": "17.0.2",
      "resolved": "https://registry.npmjs.org/react-dom/-/react-dom-17.0.2.tgz",
      "integrity": "sha512-s4h96KtLDUQlsENhMn1ar8t2bEa+q/YAtj8pPPdIjPDGBDIVNsrD9aXNWqspUe6AzKCIG0C1HZZLqLV7qpOBGA==",
      "dev": true,
      "peer": true,
      "requires": {
        "loose-envify": "^1.1.0",
        "object-assign": "^4.1.1",
        "scheduler": "^0.20.2"
      }
    },
    "react-is": {
      "version": "16.13.1",
      "resolved": "https://registry.npmjs.org/react-is/-/react-is-16.13.1.tgz",
      "integrity": "sha512-24e6ynE2H+OKt4kqsOvNd8kBpV65zoxbA4BVsEOB3ARVWQki/DHzaUoC5KuON/BiccDaCCTZBuOcfZs70kR8bQ==",
      "dev": true
    },
    "react-toastify": {
      "version": "7.0.4",
      "resolved": "https://registry.npmjs.org/react-toastify/-/react-toastify-7.0.4.tgz",
      "integrity": "sha512-Rol7+Cn39hZp5hQ/k6CbMNE2CKYV9E5OQdC/hBLtIQU2xz7DdAm7xil4NITQTHR6zEbE5RVFbpgSwTD7xRGLeQ==",
      "dev": true,
      "requires": {
        "clsx": "^1.1.1"
      }
    },
    "regenerator-runtime": {
      "version": "0.13.7",
      "resolved": "https://registry.npmjs.org/regenerator-runtime/-/regenerator-runtime-0.13.7.tgz",
      "integrity": "sha512-a54FxoJDIr27pgf7IgeQGxmqUNYrcV338lf/6gH456HZ/PhX+5BcwHXG9ajESmwe6WRO0tAzRUrRmNONWgkrew==",
      "dev": true
    },
    "scheduler": {
      "version": "0.20.2",
      "resolved": "https://registry.npmjs.org/scheduler/-/scheduler-0.20.2.tgz",
      "integrity": "sha512-2eWfGgAqqWFGqtdMmcL5zCMK1U8KlXv8SQFGglL3CEtd0aDVDWgeF/YoCmvln55m5zSk3J/20hTaSBeSObsQDQ==",
      "dev": true,
      "peer": true,
      "requires": {
        "loose-envify": "^1.1.0",
        "object-assign": "^4.1.1"
      }
    },
    "symbol-observable": {
      "version": "2.0.3",
      "resolved": "https://registry.npmjs.org/symbol-observable/-/symbol-observable-2.0.3.tgz",
      "integrity": "sha512-sQV7phh2WCYAn81oAkakC5qjq2Ml0g8ozqz03wOGnx9dDlG1de6yrF+0RAzSJD8fPUow3PTSMf2SAbOGxb93BA==",
      "dev": true
    },
    "ts-invariant": {
      "version": "0.7.3",
      "resolved": "https://registry.npmjs.org/ts-invariant/-/ts-invariant-0.7.3.tgz",
      "integrity": "sha512-UWDDeovyUTIMWj+45g5nhnl+8oo+GhxL5leTaHn5c8FkQWfh8v66gccLd2/YzVmV5hoQUjCEjhrXnQqVDJdvKA==",
      "dev": true,
      "requires": {
        "tslib": "^2.1.0"
      },
      "dependencies": {
        "tslib": {
          "version": "2.2.0",
          "resolved": "https://registry.npmjs.org/tslib/-/tslib-2.2.0.tgz",
          "integrity": "sha512-gS9GVHRU+RGn5KQM2rllAlR3dU6m7AcpJKdtH8gFvQiC4Otgk98XnmMU+nZenHt/+VhnBPWwgrJsyrdcw6i23w==",
          "dev": true
        }
      }
    },
    "tslib": {
      "version": "1.14.1",
      "resolved": "https://registry.npmjs.org/tslib/-/tslib-1.14.1.tgz",
      "integrity": "sha512-Xni35NKzjgMrwevysHTCArtLDpPvye8zV/0E4EyYn43P7/7qvQwPh9BGkHewbMulVntbigmcT7rdX3BNo9wRJg==",
      "dev": true
    },
    "typescript": {
      "version": "4.2.4",
      "resolved": "https://registry.npmjs.org/typescript/-/typescript-4.2.4.tgz",
      "integrity": "sha512-V+evlYHZnQkaz8TRBuxTA92yZBPotr5H+WhQ7bD3hZUndx5tGOa1fuCgeSjxAzM1RiN5IzvadIXTVefuuwZCRg==",
      "dev": true
    },
    "zen-observable": {
      "version": "0.8.15",
      "resolved": "https://registry.npmjs.org/zen-observable/-/zen-observable-0.8.15.tgz",
      "integrity": "sha512-PQ2PC7R9rslx84ndNBZB/Dkv8V8fZEpk83RLgXtYd0fwUgEjseMn1Dgajh2x6S8QbZAFa9p2qVCEuYZNgve0dQ==",
      "dev": true
    }
  }
}
